
Microsoft Visual Studio Solution File, Format Version 12.00
# Visual Studio 2013
VisualStudioVersion = 12.0.30723.0
MinimumVisualStudioVersion = 10.0.40219.1
Project("{FAE04EC0-301F-11D3-BF4B-00C04F79EFBC}") = "TestCSS3D", "TestCSS3D\TestCSS3D.csproj", "{AFF5898C-7919-404E-8FA1-39086F0B84F9}"
EndProject
Project("{FAE04EC0-301F-11D3-BF4B-00C04F79EFBC}") = "ConversorObjToHTML", "ConversorObjToHTML\ConversorObjToHTML.csproj", "{7C41CF95-6402-4387-97BD-BD09B37E1D3A}"
EndProject
Global
	GlobalSection(SolutionConfigurationPlatforms) = preSolution
		Debug|Any CPU = Debug|Any CPU
		Release|Any CPU = Release|Any CPU
	EndGlobalSection
	GlobalSection(ProjectConfigurationPlatforms) = postSolution
		{AFF5898C-7919-404E-8FA1-39086F0B84F9}.Debug|Any CPU.ActiveCfg = Debug|Any CPU
		{AFF5898C-7919-404E-8FA1-39086F0B84F9}.Debug|Any CPU.Build.0 = Debug|Any CPU
		{AFF5898C-7919-404E-8FA1-39086F0B84F9}.Release|Any CPU.ActiveCfg = Release|Any CPU
		{AFF5898C-7919-404E-8FA1-39086F0B84F9}.Release|Any CPU.Build.0 = Release|Any CPU
		{7C41CF95-6402-4387-97BD-BD09B37E1D3A}.Debug|Any CPU.ActiveCfg = Debug|Any CPU
		{7C41CF95-6402-4387-97BD-BD09B37E1D3A}.Debug|Any CPU.Build.0 = Debug|Any CPU
		{7C41CF95-6402-4387-97BD-BD09B37E1D3A}.Release|Any CPU.ActiveCfg = Release|Any CPU
		{7C41CF95-6402-4387-97BD-BD09B37E1D3A}.Release|Any CPU.Build.0 = Release|Any CPU
	EndGlobalSection
	GlobalSection(SolutionProperties) = preSolution
		HideSolutionNode = FALSE
	EndGlobalSection
EndGlobal
